
Microsoft Visual Studio Solution File, Format Version 12.00
# Visual Studio Version 17
VisualStudioVersion = 17.2.32616.157
MinimumVisualStudioVersion = 10.0.40219.1
Project("{9A19103F-16F7-4668-BE54-9A1E7A4F7556}") = "Exercicio1", "Exercicio1\Exercicio1.csproj", "{DBCB40AC-0B6F-4CB6-BF8D-BA4DBA62100C}"
EndProject
Project("{FAE04EC0-301F-11D3-BF4B-00C04F79EFBC}") = "TestProject1", "TestProject1\TestProject1.csproj", "{A315A78F-FB4D-4D1A-8A8B-703E1602D927}"
EndProject
Global
	GlobalSection(SolutionConfigurationPlatforms) = preSolution
		Debug|Any CPU = Debug|Any CPU
		Release|Any CPU = Release|Any CPU
	EndGlobalSection
	GlobalSection(ProjectConfigurationPlatforms) = postSolution
		{DBCB40AC-0B6F-4CB6-BF8D-BA4DBA62100C}.Debug|Any CPU.ActiveCfg = Debug|Any CPU
		{DBCB40AC-0B6F-4CB6-BF8D-BA4DBA62100C}.Debug|Any CPU.Build.0 = Debug|Any CPU
		{DBCB40AC-0B6F-4CB6-BF8D-BA4DBA62100C}.Release|Any CPU.ActiveCfg = Release|Any CPU
		{DBCB40AC-0B6F-4CB6-BF8D-BA4DBA62100C}.Release|Any CPU.Build.0 = Release|Any CPU
		{A315A78F-FB4D-4D1A-8A8B-703E1602D927}.Debug|Any CPU.ActiveCfg = Debug|Any CPU
		{A315A78F-FB4D-4D1A-8A8B-703E1602D927}.Debug|Any CPU.Build.0 = Debug|Any CPU
		{A315A78F-FB4D-4D1A-8A8B-703E1602D927}.Release|Any CPU.ActiveCfg = Release|Any CPU
		{A315A78F-FB4D-4D1A-8A8B-703E1602D927}.Release|Any CPU.Build.0 = Release|Any CPU
	EndGlobalSection
	GlobalSection(SolutionProperties) = preSolution
		HideSolutionNode = FALSE
	EndGlobalSection
	GlobalSection(ExtensibilityGlobals) = postSolution
		SolutionGuid = {8CF94C44-584C-4A66-90E3-A3C23D0802B9}
	EndGlobalSection
EndGlobal
